
Microsoft Visual Studio Solution File, Format Version 12.00
# Visual Studio Version 16
VisualStudioVersion = 16.0.30804.86
MinimumVisualStudioVersion = 10.0.40219.1
Project("{9A19103F-16F7-4668-BE54-9A1E7A4F7556}") = "Lesson_1_example", "Lesson_1_example\Lesson_1_example.csproj", "{DA792B2F-5354-4719-AA96-13AE6F9B3DB3}"
EndProject
Project("{9A19103F-16F7-4668-BE54-9A1E7A4F7556}") = "Donguler", "Donguler\Donguler.csproj", "{043EBA23-8778-42CF-8D1E-4B876BFCBB4A}"
EndProject
Project("{9A19103F-16F7-4668-BE54-9A1E7A4F7556}") = "ClassIntro", "ClassIntro\ClassIntro.csproj", "{1455BC86-FAA0-4BC8-8C6A-73310BF78AC0}"
EndProject
Project("{9A19103F-16F7-4668-BE54-9A1E7A4F7556}") = "Methods", "Methods\Methods.csproj", "{236620C6-B60A-4873-9A58-3FA0682009BE}"
EndProject
Project("{9A19103F-16F7-4668-BE54-9A1E7A4F7556}") = "Maths", "Maths\Maths.csproj", "{A56469DA-FB64-4A3E-B020-55EB3AD395DA}"
EndProject
Project("{9A19103F-16F7-4668-BE54-9A1E7A4F7556}") = "ValueAndRefTypes", "ValueAndRefTypes\ValueAndRefTypes.csproj", "{088598CD-C8FB-4227-B819-4F32A882C634}"
EndProject
Project("{9A19103F-16F7-4668-BE54-9A1E7A4F7556}") = "OOP1", "OOP1\OOP1.csproj", "{E6078C60-1BA4-42B9-BE45-48EDF91E7D61}"
EndProject
Project("{9A19103F-16F7-4668-BE54-9A1E7A4F7556}") = "Collections", "Collections\Collections.csproj", "{01A047CC-E727-460E-8F38-2B7719C92D63}"
EndProject
Project("{9A19103F-16F7-4668-BE54-9A1E7A4F7556}") = "GenericsIntro", "GenericsIntro\GenericsIntro.csproj", "{E93B384C-3D1A-489E-99E6-DDC0FC8E3A61}"
EndProject
Project("{9A19103F-16F7-4668-BE54-9A1E7A4F7556}") = "CustomerFollow", "CustomerFollow\CustomerFollow.csproj", "{7222125A-1304-430D-869E-16F8239177F9}"
EndProject
Project("{9A19103F-16F7-4668-BE54-9A1E7A4F7556}") = "Customer_example", "Customer_example\Customer_example.csproj", "{226E3041-2DEB-4421-B036-A24940566242}"
EndProject
Project("{9A19103F-16F7-4668-BE54-9A1E7A4F7556}") = "Constructors", "Constructors\Constructors.csproj", "{CA7DC985-C2DB-4A2D-86C0-D81CE1A65F5A}"
EndProject
Project("{9A19103F-16F7-4668-BE54-9A1E7A4F7556}") = "Generics2", "Generics2\Generics2.csproj", "{896D413F-FCA3-4201-8289-22C91D661364}"
EndProject
Project("{9A19103F-16F7-4668-BE54-9A1E7A4F7556}") = "Dictionary", "Dictionary\Dictionary.csproj", "{8EE024AE-76E3-4FFF-818F-2DD1A14B6CEF}"
EndProject
Project("{FAE04EC0-301F-11D3-BF4B-00C04F79EFBC}") = "OOP2", "OOP2\OOP2.csproj", "{848C285E-1A92-4A68-9F37-4A2402B955F3}"
EndProject
Project("{FAE04EC0-301F-11D3-BF4B-00C04F79EFBC}") = "OOP3", "OOP3\OOP3.csproj", "{D8204663-2E3B-4D8D-AF2F-224C1CAEA18D}"
EndProject
Global
	GlobalSection(SolutionConfigurationPlatforms) = preSolution
		Debug|Any CPU = Debug|Any CPU
		Release|Any CPU = Release|Any CPU
	EndGlobalSection
	GlobalSection(ProjectConfigurationPlatforms) = postSolution
		{DA792B2F-5354-4719-AA96-13AE6F9B3DB3}.Debug|Any CPU.ActiveCfg = Debug|Any CPU
		{DA792B2F-5354-4719-AA96-13AE6F9B3DB3}.Debug|Any CPU.Build.0 = Debug|Any CPU
		{DA792B2F-5354-4719-AA96-13AE6F9B3DB3}.Release|Any CPU.ActiveCfg = Release|Any CPU
		{DA792B2F-5354-4719-AA96-13AE6F9B3DB3}.Release|Any CPU.Build.0 = Release|Any CPU
		{043EBA23-8778-42CF-8D1E-4B876BFCBB4A}.Debug|Any CPU.ActiveCfg = Debug|Any CPU
		{043EBA23-8778-42CF-8D1E-4B876BFCBB4A}.Debug|Any CPU.Build.0 = Debug|Any CPU
		{043EBA23-8778-42CF-8D1E-4B876BFCBB4A}.Release|Any CPU.ActiveCfg = Release|Any CPU
		{043EBA23-8778-42CF-8D1E-4B876BFCBB4A}.Release|Any CPU.Build.0 = Release|Any CPU
		{1455BC86-FAA0-4BC8-8C6A-73310BF78AC0}.Debug|Any CPU.ActiveCfg = Debug|Any CPU
		{1455BC86-FAA0-4BC8-8C6A-73310BF78AC0}.Debug|Any CPU.Build.0 = Debug|Any CPU
		{1455BC86-FAA0-4BC8-8C6A-73310BF78AC0}.Release|Any CPU.ActiveCfg = Release|Any CPU
		{1455BC86-FAA0-4BC8-8C6A-73310BF78AC0}.Release|Any CPU.Build.0 = Release|Any CPU
		{236620C6-B60A-4873-9A58-3FA0682009BE}.Debug|Any CPU.ActiveCfg = Debug|Any CPU
		{236620C6-B60A-4873-9A58-3FA0682009BE}.Debug|Any CPU.Build.0 = Debug|Any CPU
		{236620C6-B60A-4873-9A58-3FA0682009BE}.Release|Any CPU.ActiveCfg = Release|Any CPU
		{236620C6-B60A-4873-9A58-3FA0682009BE}.Release|Any CPU.Build.0 = Release|Any CPU
		{A56469DA-FB64-4A3E-B020-55EB3AD395DA}.Debug|Any CPU.ActiveCfg = Debug|Any CPU
		{A56469DA-FB64-4A3E-B020-55EB3AD395DA}.Debug|Any CPU.Build.0 = Debug|Any CPU
		{A56469DA-FB64-4A3E-B020-55EB3AD395DA}.Release|Any CPU.ActiveCfg = Release|Any CPU
		{A56469DA-FB64-4A3E-B020-55EB3AD395DA}.Release|Any CPU.Build.0 = Release|Any CPU
		{088598CD-C8FB-4227-B819-4F32A882C634}.Debug|Any CPU.ActiveCfg = Debug|Any CPU
		{088598CD-C8FB-4227-B819-4F32A882C634}.Debug|Any CPU.Build.0 = Debug|Any CPU
		{088598CD-C8FB-4227-B819-4F32A882C634}.Release|Any CPU.ActiveCfg = Release|Any CPU
		{088598CD-C8FB-4227-B819-4F32A882C634}.Release|Any CPU.Build.0 = Release|Any CPU
		{E6078C60-1BA4-42B9-BE45-48EDF91E7D61}.Debug|Any CPU.ActiveCfg = Debug|Any CPU
		{E6078C60-1BA4-42B9-BE45-48EDF91E7D61}.Debug|Any CPU.Build.0 = Debug|Any CPU
		{E6078C60-1BA4-42B9-BE45-48EDF91E7D61}.Release|Any CPU.ActiveCfg = Release|Any CPU
		{E6078C60-1BA4-42B9-BE45-48EDF91E7D61}.Release|Any CPU.Build.0 = Release|Any CPU
		{01A047CC-E727-460E-8F38-2B7719C92D63}.Debug|Any CPU.ActiveCfg = Debug|Any CPU
		{01A047CC-E727-460E-8F38-2B7719C92D63}.Debug|Any CPU.Build.0 = Debug|Any CPU
		{01A047CC-E727-460E-8F38-2B7719C92D63}.Release|Any CPU.ActiveCfg = Release|Any CPU
		{01A047CC-E727-460E-8F38-2B7719C92D63}.Release|Any CPU.Build.0 = Release|Any CPU
		{E93B384C-3D1A-489E-99E6-DDC0FC8E3A61}.Debug|Any CPU.ActiveCfg = Debug|Any CPU
		{E93B384C-3D1A-489E-99E6-DDC0FC8E3A61}.Debug|Any CPU.Build.0 = Debug|Any CPU
		{E93B384C-3D1A-489E-99E6-DDC0FC8E3A61}.Release|Any CPU.ActiveCfg = Release|Any CPU
		{E93B384C-3D1A-489E-99E6-DDC0FC8E3A61}.Release|Any CPU.Build.0 = Release|Any CPU
		{7222125A-1304-430D-869E-16F8239177F9}.Debug|Any CPU.ActiveCfg = Debug|Any CPU
		{7222125A-1304-430D-869E-16F8239177F9}.Debug|Any CPU.Build.0 = Debug|Any CPU
		{7222125A-1304-430D-869E-16F8239177F9}.Release|Any CPU.ActiveCfg = Release|Any CPU
		{7222125A-1304-430D-869E-16F8239177F9}.Release|Any CPU.Build.0 = Release|Any CPU
		{226E3041-2DEB-4421-B036-A24940566242}.Debug|Any CPU.ActiveCfg = Debug|Any CPU
		{226E3041-2DEB-4421-B036-A24940566242}.Debug|Any CPU.Build.0 = Debug|Any CPU
		{226E3041-2DEB-4421-B036-A24940566242}.Release|Any CPU.ActiveCfg = Release|Any CPU
		{226E3041-2DEB-4421-B036-A24940566242}.Release|Any CPU.Build.0 = Release|Any CPU
		{CA7DC985-C2DB-4A2D-86C0-D81CE1A65F5A}.Debug|Any CPU.ActiveCfg = Debug|Any CPU
		{CA7DC985-C2DB-4A2D-86C0-D81CE1A65F5A}.Debug|Any CPU.Build.0 = Debug|Any CPU
		{CA7DC985-C2DB-4A2D-86C0-D81CE1A65F5A}.Release|Any CPU.ActiveCfg = Release|Any CPU
		{CA7DC985-C2DB-4A2D-86C0-D81CE1A65F5A}.Release|Any CPU.Build.0 = Release|Any CPU
		{896D413F-FCA3-4201-8289-22C91D661364}.Debug|Any CPU.ActiveCfg = Debug|Any CPU
		{896D413F-FCA3-4201-8289-22C91D661364}.Debug|Any CPU.Build.0 = Debug|Any CPU
		{896D413F-FCA3-4201-8289-22C91D661364}.Release|Any CPU.ActiveCfg = Release|Any CPU
		{896D413F-FCA3-4201-8289-22C91D661364}.Release|Any CPU.Build.0 = Release|Any CPU
		{8EE024AE-76E3-4FFF-818F-2DD1A14B6CEF}.Debug|Any CPU.ActiveCfg = Debug|Any CPU
		{8EE024AE-76E3-4FFF-818F-2DD1A14B6CEF}.Debug|Any CPU.Build.0 = Debug|Any CPU
		{8EE024AE-76E3-4FFF-818F-2DD1A14B6CEF}.Release|Any CPU.ActiveCfg = Release|Any CPU
		{8EE024AE-76E3-4FFF-818F-2DD1A14B6CEF}.Release|Any CPU.Build.0 = Release|Any CPU
		{848C285E-1A92-4A68-9F37-4A2402B955F3}.Debug|Any CPU.ActiveCfg = Debug|Any CPU
		{848C285E-1A92-4A68-9F37-4A2402B955F3}.Debug|Any CPU.Build.0 = Debug|Any CPU
		{848C285E-1A92-4A68-9F37-4A2402B955F3}.Release|Any CPU.ActiveCfg = Release|Any CPU
		{848C285E-1A92-4A68-9F37-4A2402B955F3}.Release|Any CPU.Build.0 = Release|Any CPU
		{D8204663-2E3B-4D8D-AF2F-224C1CAEA18D}.Debug|Any CPU.ActiveCfg = Debug|Any CPU
		{D8204663-2E3B-4D8D-AF2F-224C1CAEA18D}.Debug|Any CPU.Build.0 = Debug|Any CPU
		{D8204663-2E3B-4D8D-AF2F-224C1CAEA18D}.Release|Any CPU.ActiveCfg = Release|Any CPU
		{D8204663-2E3B-4D8D-AF2F-224C1CAEA18D}.Release|Any CPU.Build.0 = Release|Any CPU
	EndGlobalSection
	GlobalSection(SolutionProperties) = preSolution
		HideSolutionNode = FALSE
	EndGlobalSection
	GlobalSection(ExtensibilityGlobals) = postSolution
		SolutionGuid = {50209CE7-0C41-4C0E-A40F-7413B6A1B828}
	EndGlobalSection
EndGlobal
